
Microsoft Visual Studio Solution File, Format Version 12.00
# Visual Studio Version 17
VisualStudioVersion = 17.3.32825.248
MinimumVisualStudioVersion = 10.0.40219.1
Project("{FAE04EC0-301F-11D3-BF4B-00C04F79EFBC}") = "COMP123_W8_Account_2", "COMP123_W8_Account_2.csproj", "{CABDD4B1-DAB9-45E6-8680-2967A765F063}"
EndProject
Global
	GlobalSection(SolutionConfigurationPlatforms) = preSolution
		Debug|Any CPU = Debug|Any CPU
		Release|Any CPU = Release|Any CPU
	EndGlobalSection
	GlobalSection(ProjectConfigurationPlatforms) = postSolution
		{CABDD4B1-DAB9-45E6-8680-2967A765F063}.Debug|Any CPU.ActiveCfg = Debug|Any CPU
		{CABDD4B1-DAB9-45E6-8680-2967A765F063}.Debug|Any CPU.Build.0 = Debug|Any CPU
		{CABDD4B1-DAB9-45E6-8680-2967A765F063}.Release|Any CPU.ActiveCfg = Release|Any CPU
		{CABDD4B1-DAB9-45E6-8680-2967A765F063}.Release|Any CPU.Build.0 = Release|Any CPU
	EndGlobalSection
	GlobalSection(SolutionProperties) = preSolution
		HideSolutionNode = FALSE
	EndGlobalSection
	GlobalSection(ExtensibilityGlobals) = postSolution
		SolutionGuid = {FD9DB742-A34F-454D-B594-FA2096777F0B}
	EndGlobalSection
EndGlobal
