
Microsoft Visual Studio Solution File, Format Version 12.00
# Visual Studio Version 17
VisualStudioVersion = 17.3.32901.215
MinimumVisualStudioVersion = 10.0.40219.1
Project("{FAE04EC0-301F-11D3-BF4B-00C04F79EFBC}") = "DataBase_Project", "DataBase_Project.csproj", "{8CA9E771-9C47-49FD-833A-63C8760E470E}"
EndProject
Global
	GlobalSection(SolutionConfigurationPlatforms) = preSolution
		Debug|Any CPU = Debug|Any CPU
		Release|Any CPU = Release|Any CPU
	EndGlobalSection
	GlobalSection(ProjectConfigurationPlatforms) = postSolution
		{8CA9E771-9C47-49FD-833A-63C8760E470E}.Debug|Any CPU.ActiveCfg = Debug|Any CPU
		{8CA9E771-9C47-49FD-833A-63C8760E470E}.Debug|Any CPU.Build.0 = Debug|Any CPU
		{8CA9E771-9C47-49FD-833A-63C8760E470E}.Release|Any CPU.ActiveCfg = Release|Any CPU
		{8CA9E771-9C47-49FD-833A-63C8760E470E}.Release|Any CPU.Build.0 = Release|Any CPU
	EndGlobalSection
	GlobalSection(SolutionProperties) = preSolution
		HideSolutionNode = FALSE
	EndGlobalSection
	GlobalSection(ExtensibilityGlobals) = postSolution
		SolutionGuid = {D7D0E4FF-D820-4A11-8E02-A425F630A890}
	EndGlobalSection
EndGlobal
